
Microsoft Visual Studio Solution File, Format Version 12.00
# Visual Studio 15
VisualStudioVersion = 15.0.27428.2002
MinimumVisualStudioVersion = 10.0.40219.1
Project("{FAE04EC0-301F-11D3-BF4B-00C04F79EFBC}") = "shape-recognizer", "shape-recognizer\shape-recognizer.csproj", "{BCF511D9-9E6F-4782-89CF-76A34411E8F3}"
EndProject
Global
	GlobalSection(SolutionConfigurationPlatforms) = preSolution
		Debug|Any CPU = Debug|Any CPU
		Release|Any CPU = Release|Any CPU
	EndGlobalSection
	GlobalSection(ProjectConfigurationPlatforms) = postSolution
		{BCF511D9-9E6F-4782-89CF-76A34411E8F3}.Debug|Any CPU.ActiveCfg = Debug|Any CPU
		{BCF511D9-9E6F-4782-89CF-76A34411E8F3}.Debug|Any CPU.Build.0 = Debug|Any CPU
		{BCF511D9-9E6F-4782-89CF-76A34411E8F3}.Release|Any CPU.ActiveCfg = Release|Any CPU
		{BCF511D9-9E6F-4782-89CF-76A34411E8F3}.Release|Any CPU.Build.0 = Release|Any CPU
	EndGlobalSection
	GlobalSection(SolutionProperties) = preSolution
		HideSolutionNode = FALSE
	EndGlobalSection
	GlobalSection(ExtensibilityGlobals) = postSolution
		SolutionGuid = {EA49A23A-A814-4BFA-904A-529324EA4B78}
	EndGlobalSection
EndGlobal
